# THIS IS AN AUTOGENERATED FILE. DO NOT EDIT THIS FILE DIRECTLY.
# yarn lockfile v1


redsum@*:
  version "1.0.5"
  resolved "https://registry.yarnpkg.com/redsum/-/redsum-1.0.5.tgz#b0d24750dcf62ae23fb1de389363567e1624e30c"
  integrity sha512-/QB4+C3VLl//flumaryhzk6HEMg1BjS/ogkn64S4eWUhyczF2E30jpu0Wmdd5f+iMjcD+UYfTlZG7grI3XymSQ==
